Microsoft Visual Studio Solution File, Format Version 12.00
# Visual Studio Version 17
VisualStudioVersion = 17.5.2.0
MinimumVisualStudioVersion = 10.0.40219.1
Project("{FAE04EC0-301F-11D3-BF4B-00C04F79EFBC}") = "ExampleFramework.Tooling", "ExampleFramework.Tooling.csproj", "{3833AF51-85EE-E018-90CF-59293169D394}"
EndProject
Global
	GlobalSection(SolutionConfigurationPlatforms) = preSolution
		Debug|Any CPU = Debug|Any CPU
		Release|Any CPU = Release|Any CPU
	EndGlobalSection
	GlobalSection(ProjectConfigurationPlatforms) = postSolution
		{3833AF51-85EE-E018-90CF-59293169D394}.Debug|Any CPU.ActiveCfg = Debug|Any CPU
		{3833AF51-85EE-E018-90CF-59293169D394}.Debug|Any CPU.Build.0 = Debug|Any CPU
		{3833AF51-85EE-E018-90CF-59293169D394}.Release|Any CPU.ActiveCfg = Release|Any CPU
		{3833AF51-85EE-E018-90CF-59293169D394}.Release|Any CPU.Build.0 = Release|Any CPU
	EndGlobalSection
	GlobalSection(SolutionProperties) = preSolution
		HideSolutionNode = FALSE
	EndGlobalSection
	GlobalSection(ExtensibilityGlobals) = postSolution
		SolutionGuid = {A85EBC8A-5187-4527-89E2-A77EB9E97777}
	EndGlobalSection
EndGlobal
